
Microsoft Visual Studio Solution File, Format Version 12.00
# Visual Studio Version 16
VisualStudioVersion = 16.0.30104.148
MinimumVisualStudioVersion = 10.0.40219.1
Project("{9A19103F-16F7-4668-BE54-9A1E7A4F7556}") = "Calculator.Infrastructure", "Calculator.Infrastructure\Calculator.Infrastructure.csproj", "{9DA5A65B-AC88-4390-9645-13AA454F1545}"
EndProject
Project("{9A19103F-16F7-4668-BE54-9A1E7A4F7556}") = "Calculator.Core", "Calculator.Core\Calculator.Core.csproj", "{9E17DC94-901A-4D6D-BCF7-2444D6197AB6}"
EndProject
Project("{9A19103F-16F7-4668-BE54-9A1E7A4F7556}") = "Calculator.API", "Calculator.API\Calculator.API.csproj", "{6F1EF678-9246-4E2F-A131-02C78F3FDB64}"
EndProject
Project("{9A19103F-16F7-4668-BE54-9A1E7A4F7556}") = "Calculator.Test", "Calculator.Test\Calculator.Test.csproj", "{095C00CF-77BA-445A-B9E2-C4A03ECCD193}"
EndProject
Project("{9A19103F-16F7-4668-BE54-9A1E7A4F7556}") = "Calculator.Web", "Calculator.Web\Calculator.Web.csproj", "{24CCCB2F-6643-4DD1-AACC-EFB14E9734F9}"
EndProject
Global
	GlobalSection(SolutionConfigurationPlatforms) = preSolution
		Debug|Any CPU = Debug|Any CPU
		Release|Any CPU = Release|Any CPU
	EndGlobalSection
	GlobalSection(ProjectConfigurationPlatforms) = postSolution
		{9DA5A65B-AC88-4390-9645-13AA454F1545}.Debug|Any CPU.ActiveCfg = Debug|Any CPU
		{9DA5A65B-AC88-4390-9645-13AA454F1545}.Debug|Any CPU.Build.0 = Debug|Any CPU
		{9DA5A65B-AC88-4390-9645-13AA454F1545}.Release|Any CPU.ActiveCfg = Release|Any CPU
		{9DA5A65B-AC88-4390-9645-13AA454F1545}.Release|Any CPU.Build.0 = Release|Any CPU
		{9E17DC94-901A-4D6D-BCF7-2444D6197AB6}.Debug|Any CPU.ActiveCfg = Debug|Any CPU
		{9E17DC94-901A-4D6D-BCF7-2444D6197AB6}.Debug|Any CPU.Build.0 = Debug|Any CPU
		{9E17DC94-901A-4D6D-BCF7-2444D6197AB6}.Release|Any CPU.ActiveCfg = Release|Any CPU
		{9E17DC94-901A-4D6D-BCF7-2444D6197AB6}.Release|Any CPU.Build.0 = Release|Any CPU
		{6F1EF678-9246-4E2F-A131-02C78F3FDB64}.Debug|Any CPU.ActiveCfg = Debug|Any CPU
		{6F1EF678-9246-4E2F-A131-02C78F3FDB64}.Debug|Any CPU.Build.0 = Debug|Any CPU
		{6F1EF678-9246-4E2F-A131-02C78F3FDB64}.Release|Any CPU.ActiveCfg = Release|Any CPU
		{6F1EF678-9246-4E2F-A131-02C78F3FDB64}.Release|Any CPU.Build.0 = Release|Any CPU
		{095C00CF-77BA-445A-B9E2-C4A03ECCD193}.Debug|Any CPU.ActiveCfg = Debug|Any CPU
		{095C00CF-77BA-445A-B9E2-C4A03ECCD193}.Debug|Any CPU.Build.0 = Debug|Any CPU
		{095C00CF-77BA-445A-B9E2-C4A03ECCD193}.Release|Any CPU.ActiveCfg = Release|Any CPU
		{095C00CF-77BA-445A-B9E2-C4A03ECCD193}.Release|Any CPU.Build.0 = Release|Any CPU
		{24CCCB2F-6643-4DD1-AACC-EFB14E9734F9}.Debug|Any CPU.ActiveCfg = Debug|Any CPU
		{24CCCB2F-6643-4DD1-AACC-EFB14E9734F9}.Debug|Any CPU.Build.0 = Debug|Any CPU
		{24CCCB2F-6643-4DD1-AACC-EFB14E9734F9}.Release|Any CPU.ActiveCfg = Release|Any CPU
		{24CCCB2F-6643-4DD1-AACC-EFB14E9734F9}.Release|Any CPU.Build.0 = Release|Any CPU
	EndGlobalSection
	GlobalSection(SolutionProperties) = preSolution
		HideSolutionNode = FALSE
	EndGlobalSection
	GlobalSection(ExtensibilityGlobals) = postSolution
		SolutionGuid = {E14FFE3C-6A9F-46CB-B303-C7D5556A2F2D}
	EndGlobalSection
EndGlobal
